
Microsoft Visual Studio Solution File, Format Version 12.00
# Visual Studio Version 16
VisualStudioVersion = 16.0.31410.357
MinimumVisualStudioVersion = 10.0.40219.1
Project("{FAE04EC0-301F-11D3-BF4B-00C04F79EFBC}") = "VarTypeDeclarations", "VarTypeDeclarations.csproj", "{C276652A-80A3-423D-9959-780991610ABB}"
EndProject
Global
	GlobalSection(SolutionConfigurationPlatforms) = preSolution
		Debug|Any CPU = Debug|Any CPU
		Release|Any CPU = Release|Any CPU
	EndGlobalSection
	GlobalSection(ProjectConfigurationPlatforms) = postSolution
		{C276652A-80A3-423D-9959-780991610ABB}.Debug|Any CPU.ActiveCfg = Debug|Any CPU
		{C276652A-80A3-423D-9959-780991610ABB}.Debug|Any CPU.Build.0 = Debug|Any CPU
		{C276652A-80A3-423D-9959-780991610ABB}.Release|Any CPU.ActiveCfg = Release|Any CPU
		{C276652A-80A3-423D-9959-780991610ABB}.Release|Any CPU.Build.0 = Release|Any CPU
	EndGlobalSection
	GlobalSection(SolutionProperties) = preSolution
		HideSolutionNode = FALSE
	EndGlobalSection
	GlobalSection(ExtensibilityGlobals) = postSolution
		SolutionGuid = {6550B99F-C5B3-4C01-BD3D-8423179E2123}
	EndGlobalSection
EndGlobal
